// !$*UTF8*$!
{
	archiveVersion = 1;
	classes = {
	};
	objectVersion = 46;
	objects = {

/* Begin PBXBuildFile section */
		49CC29B21EFD7B5B009A63F6 /* main.m in Sources */ = {isa = PBXBuildFile; fileRef = 49CC29B11EFD7B5B009A63F6 /* main.m */; };
		49CC29BF1EFD7B79009A63F6 /* testJitPackager.m in Sources */ = {isa = PBXBuildFile; fileRef = 49CC29BE1EFD7B79009A63F6 /* testJitPackager.m */; };
		49CC29C51EFD7BAB009A63F6 /* Encryptor.m in Sources */ = {isa = PBXBuildFile; fileRef = 49CC29C41EFD7BAB009A63F6 /* Encryptor.m */; };
		49CC29C61EFD7BAB009A63F6 /* Encryptor.m in Sources */ = {isa = PBXBuildFile; fileRef = 49CC29C41EFD7BAB009A63F6 /* Encryptor.m */; };
		49CC29C91EFD7BBF009A63F6 /* Security.framework in Frameworks */ = {isa = PBXBuildFile; fileRef = 49CC29C81EFD7BBF009A63F6 /* Security.framework */; };
		49CC29D31EFEB0A8009A63F6 /* textInClear in Resources */ = {isa = PBXBuildFile; fileRef = 49CC29D21EFEB0A8009A63F6 /* textInClear */; };
		49CC29D51EFEB157009A63F6 /* encryptedText in Resources */ = {isa = PBXBuildFile; fileRef = 49CC29D41EFEB157009A63F6 /* encryptedText */; };
		49CC29D81EFEC263009A63F6 /* NSData+FastHex.m in Sources */ = {isa = PBXBuildFile; fileRef = 49CC29D71EFEC263009A63F6 /* NSData+FastHex.m */; };
		49CC29D91EFEC263009A63F6 /* NSData+FastHex.m in Sources */ = {isa = PBXBuildFile; fileRef = 49CC29D71EFEC263009A63F6 /* NSData+FastHex.m */; };
/* End PBXBuildFile section */

/* Begin PBXCopyFilesBuildPhase section */
		49CC29AC1EFD7B5B009A63F6 /* CopyFiles */ = {
			isa = PBXCopyFilesBuildPhase;
			buildActionMask = 2147483647;
			dstPath = /usr/share/man/man1/;
			dstSubfolderSpec = 0;
			files = (
			);
			runOnlyForDeploymentPostprocessing = 1;
		};
/* End PBXCopyFilesBuildPhase section */

/* Begin PBXFileReference section */
		49CC29AE1EFD7B5B009A63F6 /* JitPackager */ = {isa = PBXFileReference; explicitFileType = "compiled.mach-o.executable"; includeInIndex = 0; path = JitPackager; sourceTree = BUILT_PRODUCTS_DIR; };
		49CC29B11EFD7B5B009A63F6 /* main.m */ = {isa = PBXFileReference; lastKnownFileType = sourcecode.c.objc; path = main.m; sourceTree = "<group>"; };
		49CC29BC1EFD7B79009A63F6 /* testJitPackager.xctest */ = {isa = PBXFileReference; explicitFileType = wrapper.cfbundle; includeInIndex = 0; path = testJitPackager.xctest; sourceTree = BUILT_PRODUCTS_DIR; };
		49CC29BE1EFD7B79009A63F6 /* testJitPackager.m */ = {isa = PBXFileReference; lastKnownFileType = sourcecode.c.objc; path = testJitPackager.m; sourceTree = "<group>"; };
		49CC29C01EFD7B79009A63F6 /* Info.plist */ = {isa = PBXFileReference; lastKnownFileType = text.plist.xml; path = Info.plist; sourceTree = "<group>"; };
		49CC29C41EFD7BAB009A63F6 /* Encryptor.m */ = {isa = PBXFileReference; fileEncoding = 4; lastKnownFileType = sourcecode.c.objc; path = Encryptor.m; sourceTree = "<group>"; };
		49CC29C81EFD7BBF009A63F6 /* Security.framework */ = {isa = PBXFileReference; lastKnownFileType = wrapper.framework; name = Security.framework; path = System/Library/Frameworks/Security.framework; sourceTree = SDKROOT; };
		49CC29CA1EFD7CF1009A63F6 /* Encryptor.h */ = {isa = PBXFileReference; fileEncoding = 4; lastKnownFileType = sourcecode.c.h; path = Encryptor.h; sourceTree = "<group>"; };
		49CC29CC1EFD8848009A63F6 /* XCTest.framework */ = {isa = PBXFileReference; lastKnownFileType = wrapper.framework; name = XCTest.framework; path = Platforms/MacOSX.platform/Developer/Library/Frameworks/XCTest.framework; sourceTree = DEVELOPER_DIR; };
		49CC29D21EFEB0A8009A63F6 /* textInClear */ = {isa = PBXFileReference; fileEncoding = 4; lastKnownFileType = text; path = textInClear; sourceTree = "<group>"; };
		49CC29D41EFEB157009A63F6 /* encryptedText */ = {isa = PBXFileReference; fileEncoding = 4; lastKnownFileType = text; path = encryptedText; sourceTree = "<group>"; };
		49CC29D71EFEC263009A63F6 /* NSData+FastHex.m */ = {isa = PBXFileReference; fileEncoding = 4; lastKnownFileType = sourcecode.c.objc; name = "NSData+FastHex.m"; path = "Utils/NSData+FastHex.m"; sourceTree = "<group>"; };
		49CC29DA1EFEC3ED009A63F6 /* NSData+FastHex.h */ = {isa = PBXFileReference; fileEncoding = 4; lastKnownFileType = sourcecode.c.h; name = "NSData+FastHex.h"; path = "Utils/NSData+FastHex.h"; sourceTree = "<group>"; };
/* End PBXFileReference section */

/* Begin PBXFrameworksBuildPhase section */
		49CC29AB1EFD7B5B009A63F6 /* Frameworks */ = {
			isa = PBXFrameworksBuildPhase;
			buildActionMask = 2147483647;
			files = (
				49CC29C91EFD7BBF009A63F6 /* Security.framework in Frameworks */,
			);
			runOnlyForDeploymentPostprocessing = 0;
		};
		49CC29B91EFD7B79009A63F6 /* Frameworks */ = {
			isa = PBXFrameworksBuildPhase;
			buildActionMask = 2147483647;
			files = (
			);
			runOnlyForDeploymentPostprocessing = 0;
		};
/* End PBXFrameworksBuildPhase section */

/* Begin PBXGroup section */
		49CC29A51EFD7B5B009A63F6 = {
			isa = PBXGroup;
			children = (
				49CC29B01EFD7B5B009A63F6 /* JitPackager */,
				49CC29BD1EFD7B79009A63F6 /* testJitPackager */,
				49CC29AF1EFD7B5B009A63F6 /* Products */,
				49CC29C71EFD7BBE009A63F6 /* Frameworks */,
			);
			sourceTree = "<group>";
		};
		49CC29AF1EFD7B5B009A63F6 /* Products */ = {
			isa = PBXGroup;
			children = (
				49CC29AE1EFD7B5B009A63F6 /* JitPackager */,
				49CC29BC1EFD7B79009A63F6 /* testJitPackager.xctest */,
			);
			name = Products;
			sourceTree = "<group>";
		};
		49CC29B01EFD7B5B009A63F6 /* JitPackager */ = {
			isa = PBXGroup;
			children = (
				49CC29CB1EFD8050009A63F6 /* Utils */,
				49CC29B11EFD7B5B009A63F6 /* main.m */,
				49CC29C41EFD7BAB009A63F6 /* Encryptor.m */,
				49CC29CA1EFD7CF1009A63F6 /* Encryptor.h */,
			);
			path = JitPackager;
			sourceTree = "<group>";
		};
		49CC29BD1EFD7B79009A63F6 /* testJitPackager */ = {
			isa = PBXGroup;
			children = (
				49CC29D41EFEB157009A63F6 /* encryptedText */,
				49CC29D21EFEB0A8009A63F6 /* textInClear */,
				49CC29BE1EFD7B79009A63F6 /* testJitPackager.m */,
				49CC29C01EFD7B79009A63F6 /* Info.plist */,
			);
			path = testJitPackager;
			sourceTree = "<group>";
		};
		49CC29C71EFD7BBE009A63F6 /* Frameworks */ = {
			isa = PBXGroup;
			children = (
				49CC29CC1EFD8848009A63F6 /* XCTest.framework */,
				49CC29C81EFD7BBF009A63F6 /* Security.framework */,
			);
			name = Frameworks;
			sourceTree = "<group>";
		};
		49CC29CB1EFD8050009A63F6 /* Utils */ = {
			isa = PBXGroup;
			children = (
				49CC29DA1EFEC3ED009A63F6 /* NSData+FastHex.h */,
				49CC29D71EFEC263009A63F6 /* NSData+FastHex.m */,
			);
			name = Utils;
			sourceTree = "<group>";
		};
/* End PBXGroup section */

/* Begin PBXNativeTarget section */
		49CC29AD1EFD7B5B009A63F6 /* JitPackager */ = {
			isa = PBXNativeTarget;
			buildConfigurationList = 49CC29B51EFD7B5B009A63F6 /* Build configuration list for PBXNativeTarget "JitPackager" */;
			buildPhases = (
				49CC29AA1EFD7B5B009A63F6 /* Sources */,
				49CC29AB1EFD7B5B009A63F6 /* Frameworks */,
				49CC29AC1EFD7B5B009A63F6 /* CopyFiles */,
			);
			buildRules = (
			);
			dependencies = (
			);
			name = JitPackager;
			productName = JitPackager;
			productReference = 49CC29AE1EFD7B5B009A63F6 /* JitPackager */;
			productType = "com.apple.product-type.tool";
		};
		49CC29BB1EFD7B79009A63F6 /* testJitPackager */ = {
			isa = PBXNativeTarget;
			buildConfigurationList = 49CC29C11EFD7B79009A63F6 /* Build configuration list for PBXNativeTarget "testJitPackager" */;
			buildPhases = (
				49CC29B81EFD7B79009A63F6 /* Sources */,
				49CC29B91EFD7B79009A63F6 /* Frameworks */,
				49CC29BA1EFD7B79009A63F6 /* Resources */,
			);
			buildRules = (
			);
			dependencies = (
			);
			name = testJitPackager;
			productName = testJitPackager;
			productReference = 49CC29BC1EFD7B79009A63F6 /* testJitPackager.xctest */;
			productType = "com.apple.product-type.bundle.unit-test";
		};
/* End PBXNativeTarget section */

/* Begin PBXProject section */
		49CC29A61EFD7B5B009A63F6 /* Project object */ = {
			isa = PBXProject;
			attributes = {
				LastUpgradeCheck = 0830;
				ORGANIZATIONNAME = Saravanan;
				TargetAttributes = {
					49CC29AD1EFD7B5B009A63F6 = {
						CreatedOnToolsVersion = 8.3.3;
						ProvisioningStyle = Automatic;
					};
					49CC29BB1EFD7B79009A63F6 = {
						CreatedOnToolsVersion = 8.3.3;
						ProvisioningStyle = Automatic;
					};
				};
			};
			buildConfigurationList = 49CC29A91EFD7B5B009A63F6 /* Build configuration list for PBXProject "JitPackager" */;
			compatibilityVersion = "Xcode 3.2";
			developmentRegion = English;
			hasScannedForEncodings = 0;
			knownRegions = (
				en,
			);
			mainGroup = 49CC29A51EFD7B5B009A63F6;
			productRefGroup = 49CC29AF1EFD7B5B009A63F6 /* Products */;
			projectDirPath = "";
			projectRoot = "";
			targets = (
				49CC29AD1EFD7B5B009A63F6 /* JitPackager */,
				49CC29BB1EFD7B79009A63F6 /* testJitPackager */,
			);
		};
/* End PBXProject section */

/* Begin PBXResourcesBuildPhase section */
		49CC29BA1EFD7B79009A63F6 /* Resources */ = {
			isa = PBXResourcesBuildPhase;
			buildActionMask = 2147483647;
			files = (
				49CC29D51EFEB157009A63F6 /* encryptedText in Resources */,
				49CC29D31EFEB0A8009A63F6 /* textInClear in Resources */,
			);
			runOnlyForDeploymentPostprocessing = 0;
		};
/* End PBXResourcesBuildPhase section */

/* Begin PBXSourcesBuildPhase section */
		49CC29AA1EFD7B5B009A63F6 /* Sources */ = {
			isa = PBXSourcesBuildPhase;
			buildActionMask = 2147483647;
			files = (
				49CC29C51EFD7BAB009A63F6 /* Encryptor.m in Sources */,
				49CC29D81EFEC263009A63F6 /* NSData+FastHex.m in Sources */,
				49CC29B21EFD7B5B009A63F6 /* main.m in Sources */,
			);
			runOnlyForDeploymentPostprocessing = 0;
		};
		49CC29B81EFD7B79009A63F6 /* Sources */ = {
			isa = PBXSourcesBuildPhase;
			buildActionMask = 2147483647;
			files = (
				49CC29C61EFD7BAB009A63F6 /* Encryptor.m in Sources */,
				49CC29D91EFEC263009A63F6 /* NSData+FastHex.m in Sources */,
				49CC29BF1EFD7B79009A63F6 /* testJitPackager.m in Sources */,
			);
			runOnlyForDeploymentPostprocessing = 0;
		};
/* End PBXSourcesBuildPhase section */

/* Begin XCBuildConfiguration section */
		49CC29B31EFD7B5B009A63F6 /* Debug */ = {
			isa = XCBuildConfiguration;
			buildSettings = {
				ALWAYS_SEARCH_USER_PATHS = NO;
				CLANG_ANALYZER_NONNULL = YES;
				CLANG_ANALYZER_NUMBER_OBJECT_CONVERSION = YES_AGGRESSIVE;
				CLANG_CXX_LANGUAGE_STANDARD = "gnu++0x";
				CLANG_CXX_LIBRARY = "libc++";
				CLANG_ENABLE_MODULES = YES;
				CLANG_ENABLE_OBJC_ARC = YES;
				CLANG_WARN_BOOL_CONVERSION = YES;
				CLANG_WARN_CONSTANT_CONVERSION = YES;
				CLANG_WARN_DIRECT_OBJC_ISA_USAGE = YES_ERROR;
				CLANG_WARN_DOCUMENTATION_COMMENTS = YES;
				CLANG_WARN_EMPTY_BODY = YES;
				CLANG_WARN_ENUM_CONVERSION = YES;
				CLANG_WARN_INFINITE_RECURSION = YES;
				CLANG_WARN_INT_CONVERSION = YES;
				CLANG_WARN_OBJC_ROOT_CLASS = YES_ERROR;
				CLANG_WARN_SUSPICIOUS_MOVE = YES;
				CLANG_WARN_UNREACHABLE_CODE = YES;
				CLANG_WARN__DUPLICATE_METHOD_MATCH = YES;
				CODE_SIGN_IDENTITY = "-";
				COPY_PHASE_STRIP = NO;
				DEBUG_INFORMATION_FORMAT = dwarf;
				ENABLE_STRICT_OBJC_MSGSEND = YES;
				ENABLE_TESTABILITY = YES;
				GCC_C_LANGUAGE_STANDARD = gnu99;
				GCC_DYNAMIC_NO_PIC = NO;
				GCC_NO_COMMON_BLOCKS = YES;
				GCC_OPTIMIZATION_LEVEL = 0;
				GCC_PREPROCESSOR_DEFINITIONS = (
					"DEBUG=1",
					"$(inherited)",
				);
				GCC_WARN_64_TO_32_BIT_CONVERSION = YES;
				GCC_WARN_ABOUT_RETURN_TYPE = YES_ERROR;
				GCC_WARN_UNDECLARED_SELECTOR = YES;
				GCC_WARN_UNINITIALIZED_AUTOS = YES_AGGRESSIVE;
				GCC_WARN_UNUSED_FUNCTION = YES;
				GCC_WARN_UNUSED_VARIABLE = YES;
				MACOSX_DEPLOYMENT_TARGET = 10.12;
				MTL_ENABLE_DEBUG_INFO = YES;
				ONLY_ACTIVE_ARCH = YES;
				SDKROOT = macosx;
			};
			name = Debug;
		};
		49CC29B41EFD7B5B009A63F6 /* Release */ = {
			isa = XCBuildConfiguration;
			buildSettings = {
				ALWAYS_SEARCH_USER_PATHS = NO;
				CLANG_ANALYZER_NONNULL = YES;
				CLANG_ANALYZER_NUMBER_OBJECT_CONVERSION = YES_AGGRESSIVE;
				CLANG_CXX_LANGUAGE_STANDARD = "gnu++0x";
				CLANG_CXX_LIBRARY = "libc++";
				CLANG_ENABLE_MODULES = YES;
				CLANG_ENABLE_OBJC_ARC = YES;
				CLANG_WARN_BOOL_CONVERSION = YES;
				CLANG_WARN_CONSTANT_CONVERSION = YES;
				CLANG_WARN_DIRECT_OBJC_ISA_USAGE = YES_ERROR;
				CLANG_WARN_DOCUMENTATION_COMMENTS = YES;
				CLANG_WARN_EMPTY_BODY = YES;
				CLANG_WARN_ENUM_CONVERSION = YES;
				CLANG_WARN_INFINITE_RECURSION = YES;
				CLANG_WARN_INT_CONVERSION = YES;
				CLANG_WARN_OBJC_ROOT_CLASS = YES_ERROR;
				CLANG_WARN_SUSPICIOUS_MOVE = YES;
				CLANG_WARN_UNREACHABLE_CODE = YES;
				CLANG_WARN__DUPLICATE_METHOD_MATCH = YES;
				CODE_SIGN_IDENTITY = "-";
				COPY_PHASE_STRIP = NO;
				DEBUG_INFORMATION_FORMAT = "dwarf-with-dsym";
				ENABLE_NS_ASSERTIONS = NO;
				ENABLE_STRICT_OBJC_MSGSEND = YES;
				GCC_C_LANGUAGE_STANDARD = gnu99;
				GCC_NO_COMMON_BLOCKS = YES;
				GCC_WARN_64_TO_32_BIT_CONVERSION = YES;
				GCC_WARN_ABOUT_RETURN_TYPE = YES_ERROR;
				GCC_WARN_UNDECLARED_SELECTOR = YES;
				GCC_WARN_UNINITIALIZED_AUTOS = YES_AGGRESSIVE;
				GCC_WARN_UNUSED_FUNCTION = YES;
				GCC_WARN_UNUSED_VARIABLE = YES;
				MACOSX_DEPLOYMENT_TARGET = 10.12;
				MTL_ENABLE_DEBUG_INFO = NO;
				SDKROOT = macosx;
			};
			name = Release;
		};
		49CC29B61EFD7B5B009A63F6 /* Debug */ = {
			isa = XCBuildConfiguration;
			buildSettings = {
				PRODUCT_NAME = "$(TARGET_NAME)";
			};
			name = Debug;
		};
		49CC29B71EFD7B5B009A63F6 /* Release */ = {
			isa = XCBuildConfiguration;
			buildSettings = {
				PRODUCT_NAME = "$(TARGET_NAME)";
			};
			name = Release;
		};
		49CC29C21EFD7B79009A63F6 /* Debug */ = {
			isa = XCBuildConfiguration;
			buildSettings = {
				COMBINE_HIDPI_IMAGES = YES;
				INFOPLIST_FILE = testJitPackager/Info.plist;
				LD_RUNPATH_SEARCH_PATHS = "$(inherited) @executable_path/../Frameworks @loader_path/../Frameworks";
				PRODUCT_BUNDLE_IDENTIFIER = com.smaa.tools.testJitPackager;
				PRODUCT_NAME = "$(TARGET_NAME)";
			};
			name = Debug;
		};
		49CC29C31EFD7B79009A63F6 /* Release */ = {
			isa = XCBuildConfiguration;
			buildSettings = {
				COMBINE_HIDPI_IMAGES = YES;
				INFOPLIST_FILE = testJitPackager/Info.plist;
				LD_RUNPATH_SEARCH_PATHS = "$(inherited) @executable_path/../Frameworks @loader_path/../Frameworks";
				PRODUCT_BUNDLE_IDENTIFIER = com.smaa.tools.testJitPackager;
				PRODUCT_NAME = "$(TARGET_NAME)";
			};
			name = Release;
		};
/* End XCBuildConfiguration section */

/* Begin XCConfigurationList section */
		49CC29A91EFD7B5B009A63F6 /* Build configuration list for PBXProject "JitPackager" */ = {
			isa = XCConfigurationList;
			buildConfigurations = (
				49CC29B31EFD7B5B009A63F6 /* Debug */,
				49CC29B41EFD7B5B009A63F6 /* Release */,
			);
			defaultConfigurationIsVisible = 0;
			defaultConfigurationName = Release;
		};
		49CC29B51EFD7B5B009A63F6 /* Build configuration list for PBXNativeTarget "JitPackager" */ = {
			isa = XCConfigurationList;
			buildConfigurations = (
				49CC29B61EFD7B5B009A63F6 /* Debug */,
				49CC29B71EFD7B5B009A63F6 /* Release */,
			);
			defaultConfigurationIsVisible = 0;
			defaultConfigurationName = Release;
		};
		49CC29C11EFD7B79009A63F6 /* Build configuration list for PBXNativeTarget "testJitPackager" */ = {
			isa = XCConfigurationList;
			buildConfigurations = (
				49CC29C21EFD7B79009A63F6 /* Debug */,
				49CC29C31EFD7B79009A63F6 /* Release */,
			);
			defaultConfigurationIsVisible = 0;
			defaultConfigurationName = Release;
		};
/* End XCConfigurationList section */
	};
	rootObject = 49CC29A61EFD7B5B009A63F6 /* Project object */;
}
